
Microsoft Visual Studio Solution File, Format Version 12.00
# Visual Studio Version 17
VisualStudioVersion = 17.14.36623.8 d17.14
MinimumVisualStudioVersion = 10.0.40219.1
Project("{FAE04EC0-301F-11D3-BF4B-00C04F79EFBC}") = "ECC_Demo", "ECC_Demo.csproj", "{16728247-1BB4-48C0-B441-4D0DC43AAD8B}"
EndProject
Global
	GlobalSection(SolutionConfigurationPlatforms) = preSolution
		Debug|Any CPU = Debug|Any CPU
		Release|Any CPU = Release|Any CPU
	EndGlobalSection
	GlobalSection(ProjectConfigurationPlatforms) = postSolution
		{16728247-1BB4-48C0-B441-4D0DC43AAD8B}.Debug|Any CPU.ActiveCfg = Debug|Any CPU
		{16728247-1BB4-48C0-B441-4D0DC43AAD8B}.Debug|Any CPU.Build.0 = Debug|Any CPU
		{16728247-1BB4-48C0-B441-4D0DC43AAD8B}.Release|Any CPU.ActiveCfg = Release|Any CPU
		{16728247-1BB4-48C0-B441-4D0DC43AAD8B}.Release|Any CPU.Build.0 = Release|Any CPU
	EndGlobalSection
	GlobalSection(SolutionProperties) = preSolution
		HideSolutionNode = FALSE
	EndGlobalSection
	GlobalSection(ExtensibilityGlobals) = postSolution
		SolutionGuid = {7831C8B1-DA7A-4629-87B9-8189F2983D18}
	EndGlobalSection
EndGlobal
